ast_serialize==0.5.0
cfgv==3.5.0
coverage==7.14.1
distlib==0.4.3
et_xmlfile==2.0.0
filelock==3.29.3
gherkin-official==29.0.0
identify==2.6.19
iniconfig==2.3.0
librt==0.11.0
Mako==1.3.12
-e git+ssh://git@github.com/joaldico/SDD-test.git@a20eeedd84b166066e171ba1d162c8bdce148f4e#egg=marketplace_conciliator_api&subdirectory=backend
MarkupSafe==3.0.3
mypy==2.1.0
mypy_extensions==1.1.0
nodeenv==1.10.0
openpyxl==3.1.5
packaging==26.2
parse==1.22.1
parse_type==0.6.6
pathspec==1.1.1
pip==26.1.2
platformdirs==4.10.0
pluggy==1.6.0
pre_commit==4.6.0
Pygments==2.20.0
pytest==9.0.3
pytest-bdd==8.1.0
pytest-cov==7.1.0
pytest-custom-exit-code==0.3.0
python-discovery==1.4.2
PyYAML==6.0.3
ruff==0.15.17
six==1.17.0
types-openpyxl==3.1.5.20260518
typing_extensions==4.15.0
virtualenv==21.4.3
